version = 1
revision = 3
requires-python = ">=3.13"

[[package]]
name = "bme690"
version = "1.0.0"
source = { registry = "https://pypi.org/simple" }
dependencies = [
    { name = "smbus2" },
]
sdist = { url = "https://files.pythonhosted.org/packages/a1/fc/33b35b5bff9ab225c7729853209221f3ce594dda11dd3d83e3b22f9d3023/bme690-1.0.0.tar.gz", hash = "sha256:eabd562ad4e898cdfbd7b89618764f0cca4662f039042ee371127d994d011ebc", size = 79146, upload-time = "2025-04-15T12:06:12.433Z" }
wheels = [
    { url = "https://files.pythonhosted.org/packages/ae/48/7410f2da58681e198485e496b012ae217853af0bb792e4d6be4c27a97b63/bme690-1.0.0-py3-none-any.whl", hash = "sha256:57d12acea33bc2d9717cb7434faa0fa65bf4e45385b7753f83386a3de4b2720b", size = 13084, upload-time = "2025-04-15T12:06:11.065Z" },
]

[[package]]
name = "dry-age-monitor"
version = "0.1.0"
source = { virtual = "." }
dependencies = [
    { name = "bme690" },
]

[package.metadata]
requires-dist = [{ name = "bme690", specifier = ">=1.0.0" }]

[[package]]
name = "smbus2"
version = "0.6.1"
source = { registry = "https://pypi.org/simple" }
sdist = { url = "https://files.pythonhosted.org/packages/87/37/b3f7b501502c4915ba3819d1dc277bf3f5fae4a9d067caa4f502aaddd889/smbus2-0.6.1.tar.gz", hash = "sha256:2b043372abf8f6029a632c3aab36b641c5d5872b1cbad599fc68e17ac4fd90a5", size = 17274, upload-time = "2026-04-09T20:37:54.821Z" }
wheels = [
    { url = "https://files.pythonhosted.org/packages/96/f2/c78a68bd739ac8fc608747cff73a4db3b19f3135658ed4e64374f6425cbf/smbus2-0.6.1-py2.py3-none-any.whl", hash = "sha256:650feeb27ca0ed58b07db4c10201c2a662c41305b7bf6e5fab9d888056f48180", size = 11767, upload-time = "2026-04-09T20:37:53.728Z" },
]
